// !$*UTF8*$!
{
	archiveVersion = 1;
	classes = {
	};
	objectVersion = 56;
	objects = {

/* Begin PBXBuildFile section */
		CBE883DB2EFDAE1500112955 /* KsyIOSApp.swift in Sources */ = {isa = PBXBuildFile; fileRef = CBE883DA2EFDAE1500112955 /* KsyIOSApp.swift */; };
		CBE883DD2EFDAE1500112955 /* ContentView.swift in Sources */ = {isa = PBXBuildFile; fileRef = CBE883DC2EFDAE1500112955 /* ContentView.swift */; };
		CBE883DF2EFDAE1700112955 /* Assets.xcassets in Resources */ = {isa = PBXBuildFile; fileRef = CBE883DE2EFDAE1700112955 /* Assets.xcassets */; };
		CBE883E22EFDAE1700112955 /* Preview Assets.xcassets in Resources */ = {isa = PBXBuildFile; fileRef = CBE883E12EFDAE1700112955 /* Preview Assets.xcassets */; };
		CBE883EC2EFDAE1800112955 /* KsyIOSTests.swift in Sources */ = {isa = PBXBuildFile; fileRef = CBE883EB2EFDAE1800112955 /* KsyIOSTests.swift */; };
		CBE883F62EFDAE1800112955 /* KsyIOSUITests.swift in Sources */ = {isa = PBXBuildFile; fileRef = CBE883F52EFDAE1800112955 /* KsyIOSUITests.swift */; };
		CBE883F82EFDAE1800112955 /* KsyIOSUITestsLaunchTests.swift in Sources */ = {isa = PBXBuildFile; fileRef = CBE883F72EFDAE1800112955 /* KsyIOSUITestsLaunchTests.swift */; };
/* End PBXBuildFile section */

/* Begin PBXContainerItemProxy section */
		CBE883E82EFDAE1800112955 /* PBXContainerItemProxy */ = {
			isa = PBXContainerItemProxy;
			containerPortal = CBE883CF2EFDAE1500112955 /* Project object */;
			proxyType = 1;
			remoteGlobalIDString = CBE883D62EFDAE1500112955;
			remoteInfo = KsyIOS;
		};
		CBE883F22EFDAE1800112955 /* PBXContainerItemProxy */ = {
			isa = PBXContainerItemProxy;
			containerPortal = CBE883CF2EFDAE1500112955 /* Project object */;
			proxyType = 1;
			remoteGlobalIDString = CBE883D62EFDAE1500112955;
			remoteInfo = KsyIOS;
		};
/* End PBXContainerItemProxy section */

/* Begin PBXFileReference section */
		CBE883D72EFDAE1500112955 /* KsyIOS.app */ = {isa = PBXFileReference; explicitFileType = wrapper.application; includeInIndex = 0; path = KsyIOS.app; sourceTree = BUILT_PRODUCTS_DIR; };
		CBE883DA2EFDAE1500112955 /* KsyIOSApp.swift */ = {isa = PBXFileReference; lastKnownFileType = sourcecode.swift; path = KsyIOSApp.swift; sourceTree = "<group>"; };
		CBE883DC2EFDAE1500112955 /* ContentView.swift */ = {isa = PBXFileReference; lastKnownFileType = sourcecode.swift; path = ContentView.swift; sourceTree = "<group>"; };
		CBE883DE2EFDAE1700112955 /* Assets.xcassets */ = {isa = PBXFileReference; lastKnownFileType = folder.assetcatalog; path = Assets.xcassets; sourceTree = "<group>"; };
		CBE883E12EFDAE1700112955 /* Preview Assets.xcassets */ = {isa = PBXFileReference; lastKnownFileType = folder.assetcatalog; path = "Preview Assets.xcassets"; sourceTree = "<group>"; };
		CBE883E72EFDAE1800112955 /* KsyIOSTests.xctest */ = {isa = PBXFileReference; explicitFileType = wrapper.cfbundle; includeInIndex = 0; path = KsyIOSTests.xctest; sourceTree = BUILT_PRODUCTS_DIR; };
		CBE883EB2EFDAE1800112955 /* KsyIOSTests.swift */ = {isa = PBXFileReference; lastKnownFileType = sourcecode.swift; path = KsyIOSTests.swift; sourceTree = "<group>"; };
		CBE883F12EFDAE1800112955 /* KsyIOSUITests.xctest */ = {isa = PBXFileReference; explicitFileType = wrapper.cfbundle; includeInIndex = 0; path = KsyIOSUITests.xctest; sourceTree = BUILT_PRODUCTS_DIR; };
		CBE883F52EFDAE1800112955 /* KsyIOSUITests.swift */ = {isa = PBXFileReference; lastKnownFileType = sourcecode.swift; path = KsyIOSUITests.swift; sourceTree = "<group>"; };
		CBE883F72EFDAE1800112955 /* KsyIOSUITestsLaunchTests.swift */ = {isa = PBXFileReference; lastKnownFileType = sourcecode.swift; path = KsyIOSUITestsLaunchTests.swift; sourceTree = "<group>"; };
/* End PBXFileReference section */

/* Begin PBXFrameworksBuildPhase section */
		CBE883D42EFDAE1500112955 /* Frameworks */ = {
			isa = PBXFrameworksBuildPhase;
			buildActionMask = 2147483647;
			files = (
			);
			runOnlyForDeploymentPostprocessing = 0;
		};
		CBE883E42EFDAE1800112955 /* Frameworks */ = {
			isa = PBXFrameworksBuildPhase;
			buildActionMask = 2147483647;
			files = (
			);
			runOnlyForDeploymentPostprocessing = 0;
		};
		CBE883EE2EFDAE1800112955 /* Frameworks */ = {
			isa = PBXFrameworksBuildPhase;
			buildActionMask = 2147483647;
			files = (
			);
			runOnlyForDeploymentPostprocessing = 0;
		};
/* End PBXFrameworksBuildPhase section */

/* Begin PBXGroup section */
		CBE883CE2EFDAE1500112955 = {
			isa = PBXGroup;
			children = (
				CBE883D92EFDAE1500112955 /* KsyIOS */,
				CBE883EA2EFDAE1800112955 /* KsyIOSTests */,
				CBE883F42EFDAE1800112955 /* KsyIOSUITests */,
				CBE883D82EFDAE1500112955 /* Products */,
			);
			sourceTree = "<group>";
		};
		CBE883D82EFDAE1500112955 /* Products */ = {
			isa = PBXGroup;
			children = (
				CBE883D72EFDAE1500112955 /* KsyIOS.app */,
				CBE883E72EFDAE1800112955 /* KsyIOSTests.xctest */,
				CBE883F12EFDAE1800112955 /* KsyIOSUITests.xctest */,
			);
			name = Products;
			sourceTree = "<group>";
		};
		CBE883D92EFDAE1500112955 /* KsyIOS */ = {
			isa = PBXGroup;
			children = (
				CBE883DA2EFDAE1500112955 /* KsyIOSApp.swift */,
				CBE883DC2EFDAE1500112955 /* ContentView.swift */,
				CBE883DE2EFDAE1700112955 /* Assets.xcassets */,
				CBE883E02EFDAE1700112955 /* Preview Content */,
			);
			path = KsyIOS;
			sourceTree = "<group>";
		};
		CBE883E02EFDAE1700112955 /* Preview Content */ = {
			isa = PBXGroup;
			children = (
				CBE883E12EFDAE1700112955 /* Preview Assets.xcassets */,
			);
			path = "Preview Content";
			sourceTree = "<group>";
		};
		CBE883EA2EFDAE1800112955 /* KsyIOSTests */ = {
			isa = PBXGroup;
			children = (
				CBE883EB2EFDAE1800112955 /* KsyIOSTests.swift */,
			);
			path = KsyIOSTests;
			sourceTree = "<group>";
		};
		CBE883F42EFDAE1800112955 /* KsyIOSUITests */ = {
			isa = PBXGroup;
			children = (
				CBE883F52EFDAE1800112955 /* KsyIOSUITests.swift */,
				CBE883F72EFDAE1800112955 /* KsyIOSUITestsLaunchTests.swift */,
			);
			path = KsyIOSUITests;
			sourceTree = "<group>";
		};
/* End PBXGroup section */

/* Begin PBXNativeTarget section */
		CBE883D62EFDAE1500112955 /* KsyIOS */ = {
			isa = PBXNativeTarget;
			buildConfigurationList = CBE883FB2EFDAE1800112955 /* Build configuration list for PBXNativeTarget "KsyIOS" */;
			buildPhases = (
				CBE883D32EFDAE1500112955 /* Sources */,
				CBE883D42EFDAE1500112955 /* Frameworks */,
				CBE883D52EFDAE1500112955 /* Resources */,
			);
			buildRules = (
			);
			dependencies = (
			);
			name = KsyIOS;
			productName = KsyIOS;
			productReference = CBE883D72EFDAE1500112955 /* KsyIOS.app */;
			productType = "com.apple.product-type.application";
		};
		CBE883E62EFDAE1800112955 /* KsyIOSTests */ = {
			isa = PBXNativeTarget;
			buildConfigurationList = CBE883FE2EFDAE1800112955 /* Build configuration list for PBXNativeTarget "KsyIOSTests" */;
			buildPhases = (
				CBE883E32EFDAE1800112955 /* Sources */,
				CBE883E42EFDAE1800112955 /* Frameworks */,
				CBE883E52EFDAE1800112955 /* Resources */,
			);
			buildRules = (
			);
			dependencies = (
				CBE883E92EFDAE1800112955 /* PBXTargetDependency */,
			);
			name = KsyIOSTests;
			productName = KsyIOSTests;
			productReference = CBE883E72EFDAE1800112955 /* KsyIOSTests.xctest */;
			productType = "com.apple.product-type.bundle.unit-test";
		};
		CBE883F02EFDAE1800112955 /* KsyIOSUITests */ = {
			isa = PBXNativeTarget;
			buildConfigurationList = CBE884012EFDAE1800112955 /* Build configuration list for PBXNativeTarget "KsyIOSUITests" */;
			buildPhases = (
				CBE883ED2EFDAE1800112955 /* Sources */,
				CBE883EE2EFDAE1800112955 /* Frameworks */,
				CBE883EF2EFDAE1800112955 /* Resources */,
			);
			buildRules = (
			);
			dependencies = (
				CBE883F32EFDAE1800112955 /* PBXTargetDependency */,
			);
			name = KsyIOSUITests;
			productName = KsyIOSUITests;
			productReference = CBE883F12EFDAE1800112955 /* KsyIOSUITests.xctest */;
			productType = "com.apple.product-type.bundle.ui-testing";
		};
/* End PBXNativeTarget section */

/* Begin PBXProject section */
		CBE883CF2EFDAE1500112955 /* Project object */ = {
			isa = PBXProject;
			attributes = {
				BuildIndependentTargetsInParallel = 1;
				LastSwiftUpdateCheck = 1420;
				LastUpgradeCheck = 1420;
				TargetAttributes = {
					CBE883D62EFDAE1500112955 = {
						CreatedOnToolsVersion = 14.2;
					};
					CBE883E62EFDAE1800112955 = {
						CreatedOnToolsVersion = 14.2;
						TestTargetID = CBE883D62EFDAE1500112955;
					};
					CBE883F02EFDAE1800112955 = {
						CreatedOnToolsVersion = 14.2;
						TestTargetID = CBE883D62EFDAE1500112955;
					};
				};
			};
			buildConfigurationList = CBE883D22EFDAE1500112955 /* Build configuration list for PBXProject "KsyIOS" */;
			compatibilityVersion = "Xcode 14.0";
			developmentRegion = en;
			hasScannedForEncodings = 0;
			knownRegions = (
				en,
				Base,
			);
			mainGroup = CBE883CE2EFDAE1500112955;
			productRefGroup = CBE883D82EFDAE1500112955 /* Products */;
			projectDirPath = "";
			projectRoot = "";
			targets = (
				CBE883D62EFDAE1500112955 /* KsyIOS */,
				CBE883E62EFDAE1800112955 /* KsyIOSTests */,
				CBE883F02EFDAE1800112955 /* KsyIOSUITests */,
			);
		};
/* End PBXProject section */

/* Begin PBXResourcesBuildPhase section */
		CBE883D52EFDAE1500112955 /* Resources */ = {
			isa = PBXResourcesBuildPhase;
			buildActionMask = 2147483647;
			files = (
				CBE883E22EFDAE1700112955 /* Preview Assets.xcassets in Resources */,
				CBE883DF2EFDAE1700112955 /* Assets.xcassets in Resources */,
			);
			runOnlyForDeploymentPostprocessing = 0;
		};
		CBE883E52EFDAE1800112955 /* Resources */ = {
			isa = PBXResourcesBuildPhase;
			buildActionMask = 2147483647;
			files = (
			);
			runOnlyForDeploymentPostprocessing = 0;
		};
		CBE883EF2EFDAE1800112955 /* Resources */ = {
			isa = PBXResourcesBuildPhase;
			buildActionMask = 2147483647;
			files = (
			);
			runOnlyForDeploymentPostprocessing = 0;
		};
/* End PBXResourcesBuildPhase section */

/* Begin PBXSourcesBuildPhase section */
		CBE883D32EFDAE1500112955 /* Sources */ = {
			isa = PBXSourcesBuildPhase;
			buildActionMask = 2147483647;
			files = (
				CBE883DD2EFDAE1500112955 /* ContentView.swift in Sources */,
				CBE883DB2EFDAE1500112955 /* KsyIOSApp.swift in Sources */,
			);
			runOnlyForDeploymentPostprocessing = 0;
		};
		CBE883E32EFDAE1800112955 /* Sources */ = {
			isa = PBXSourcesBuildPhase;
			buildActionMask = 2147483647;
			files = (
				CBE883EC2EFDAE1800112955 /* KsyIOSTests.swift in Sources */,
			);
			runOnlyForDeploymentPostprocessing = 0;
		};
		CBE883ED2EFDAE1800112955 /* Sources */ = {
			isa = PBXSourcesBuildPhase;
			buildActionMask = 2147483647;
			files = (
				CBE883F82EFDAE1800112955 /* KsyIOSUITestsLaunchTests.swift in Sources */,
				CBE883F62EFDAE1800112955 /* KsyIOSUITests.swift in Sources */,
			);
			runOnlyForDeploymentPostprocessing = 0;
		};
/* End PBXSourcesBuildPhase section */

/* Begin PBXTargetDependency section */
		CBE883E92EFDAE1800112955 /* PBXTargetDependency */ = {
			isa = PBXTargetDependency;
			target = CBE883D62EFDAE1500112955 /* KsyIOS */;
			targetProxy = CBE883E82EFDAE1800112955 /* PBXContainerItemProxy */;
		};
		CBE883F32EFDAE1800112955 /* PBXTargetDependency */ = {
			isa = PBXTargetDependency;
			target = CBE883D62EFDAE1500112955 /* KsyIOS */;
			targetProxy = CBE883F22EFDAE1800112955 /* PBXContainerItemProxy */;
		};
/* End PBXTargetDependency section */

/* Begin XCBuildConfiguration section */
		CBE883F92EFDAE1800112955 /* Debug */ = {
			isa = XCBuildConfiguration;
			buildSettings = {
				ALWAYS_SEARCH_USER_PATHS = NO;
				CLANG_ANALYZER_NONNULL = YES;
				CLANG_ANALYZER_NUMBER_OBJECT_CONVERSION = YES_AGGRESSIVE;
				CLANG_CXX_LANGUAGE_STANDARD = "gnu++20";
				CLANG_ENABLE_MODULES = YES;
				CLANG_ENABLE_OBJC_ARC = YES;
				CLANG_ENABLE_OBJC_WEAK = YES;
				CLANG_WARN_BLOCK_CAPTURE_AUTORELEASING = YES;
				CLANG_WARN_BOOL_CONVERSION = YES;
				CLANG_WARN_COMMA = YES;
				CLANG_WARN_CONSTANT_CONVERSION = YES;
				CLANG_WARN_DEPRECATED_OBJC_IMPLEMENTATIONS = YES;
				CLANG_WARN_DIRECT_OBJC_ISA_USAGE = YES_ERROR;
				CLANG_WARN_DOCUMENTATION_COMMENTS = YES;
				CLANG_WARN_EMPTY_BODY = YES;
				CLANG_WARN_ENUM_CONVERSION = YES;
				CLANG_WARN_INFINITE_RECURSION = YES;
				CLANG_WARN_INT_CONVERSION = YES;
				CLANG_WARN_NON_LITERAL_NULL_CONVERSION = YES;
				CLANG_WARN_OBJC_IMPLICIT_RETAIN_SELF = YES;
				CLANG_WARN_OBJC_LITERAL_CONVERSION = YES;
				CLANG_WARN_OBJC_ROOT_CLASS = YES_ERROR;
				CLANG_WARN_QUOTED_INCLUDE_IN_FRAMEWORK_HEADER = YES;
				CLANG_WARN_RANGE_LOOP_ANALYSIS = YES;
				CLANG_WARN_STRICT_PROTOTYPES = YES;
				CLANG_WARN_SUSPICIOUS_MOVE = YES;
				CLANG_WARN_UNGUARDED_AVAILABILITY = YES_AGGRESSIVE;
				CLANG_WARN_UNREACHABLE_CODE = YES;
				CLANG_WARN__DUPLICATE_METHOD_MATCH = YES;
				COPY_PHASE_STRIP = NO;
				DEBUG_INFORMATION_FORMAT = dwarf;
				ENABLE_STRICT_OBJC_MSGSEND = YES;
				ENABLE_TESTABILITY = YES;
				GCC_C_LANGUAGE_STANDARD = gnu11;
				GCC_DYNAMIC_NO_PIC = NO;
				GCC_NO_COMMON_BLOCKS = YES;
				GCC_OPTIMIZATION_LEVEL = 0;
				GCC_PREPROCESSOR_DEFINITIONS = (
					"DEBUG=1",
					"$(inherited)",
				);
				GCC_WARN_64_TO_32_BIT_CONVERSION = YES;
				GCC_WARN_ABOUT_RETURN_TYPE = YES_ERROR;
				GCC_WARN_UNDECLARED_SELECTOR = YES;
				GCC_WARN_UNINITIALIZED_AUTOS = YES_AGGRESSIVE;
				GCC_WARN_UNUSED_FUNCTION = YES;
				GCC_WARN_UNUSED_VARIABLE = YES;
				IPHONEOS_DEPLOYMENT_TARGET = 15.0;
				MTL_ENABLE_DEBUG_INFO = INCLUDE_SOURCE;
				MTL_FAST_MATH = YES;
				ONLY_ACTIVE_ARCH = YES;
				SDKROOT = iphoneos;
				SWIFT_ACTIVE_COMPILATION_CONDITIONS = DEBUG;
				SWIFT_OPTIMIZATION_LEVEL = "-Onone";
			};
			name = Debug;
		};
		CBE883FA2EFDAE1800112955 /* Release */ = {
			isa = XCBuildConfiguration;
			buildSettings = {
				ALWAYS_SEARCH_USER_PATHS = NO;
				CLANG_ANALYZER_NONNULL = YES;
				CLANG_ANALYZER_NUMBER_OBJECT_CONVERSION = YES_AGGRESSIVE;
				CLANG_CXX_LANGUAGE_STANDARD = "gnu++20";
				CLANG_ENABLE_MODULES = YES;
				CLANG_ENABLE_OBJC_ARC = YES;
				CLANG_ENABLE_OBJC_WEAK = YES;
				CLANG_WARN_BLOCK_CAPTURE_AUTORELEASING = YES;
				CLANG_WARN_BOOL_CONVERSION = YES;
				CLANG_WARN_COMMA = YES;
				CLANG_WARN_CONSTANT_CONVERSION = YES;
				CLANG_WARN_DEPRECATED_OBJC_IMPLEMENTATIONS = YES;
				CLANG_WARN_DIRECT_OBJC_ISA_USAGE = YES_ERROR;
				CLANG_WARN_DOCUMENTATION_COMMENTS = YES;
				CLANG_WARN_EMPTY_BODY = YES;
				CLANG_WARN_ENUM_CONVERSION = YES;
				CLANG_WARN_INFINITE_RECURSION = YES;
				CLANG_WARN_INT_CONVERSION = YES;
				CLANG_WARN_NON_LITERAL_NULL_CONVERSION = YES;
				CLANG_WARN_OBJC_IMPLICIT_RETAIN_SELF = YES;
				CLANG_WARN_OBJC_LITERAL_CONVERSION = YES;
				CLANG_WARN_OBJC_ROOT_CLASS = YES_ERROR;
				CLANG_WARN_QUOTED_INCLUDE_IN_FRAMEWORK_HEADER = YES;
				CLANG_WARN_RANGE_LOOP_ANALYSIS = YES;
				CLANG_WARN_STRICT_PROTOTYPES = YES;
				CLANG_WARN_SUSPICIOUS_MOVE = YES;
				CLANG_WARN_UNGUARDED_AVAILABILITY = YES_AGGRESSIVE;
				CLANG_WARN_UNREACHABLE_CODE = YES;
				CLANG_WARN__DUPLICATE_METHOD_MATCH = YES;
				COPY_PHASE_STRIP = NO;
				DEBUG_INFORMATION_FORMAT = "dwarf-with-dsym";
				ENABLE_NS_ASSERTIONS = NO;
				ENABLE_STRICT_OBJC_MSGSEND = YES;
				GCC_C_LANGUAGE_STANDARD = gnu11;
				GCC_NO_COMMON_BLOCKS = YES;
				GCC_WARN_64_TO_32_BIT_CONVERSION = YES;
				GCC_WARN_ABOUT_RETURN_TYPE = YES_ERROR;
				GCC_WARN_UNDECLARED_SELECTOR = YES;
				GCC_WARN_UNINITIALIZED_AUTOS = YES_AGGRESSIVE;
				GCC_WARN_UNUSED_FUNCTION = YES;
				GCC_WARN_UNUSED_VARIABLE = YES;
				IPHONEOS_DEPLOYMENT_TARGET = 15.0;
				MTL_ENABLE_DEBUG_INFO = NO;
				MTL_FAST_MATH = YES;
				SDKROOT = iphoneos;
				SWIFT_COMPILATION_MODE = wholemodule;
				SWIFT_OPTIMIZATION_LEVEL = "-O";
				VALIDATE_PRODUCT = YES;
			};
			name = Release;
		};
		CBE883FC2EFDAE1800112955 /* Debug */ = {
			isa = XCBuildConfiguration;
			buildSettings = {
				ASSETCATALOG_COMPILER_APPICON_NAME = AppIcon;
				ASSETCATALOG_COMPILER_GLOBAL_ACCENT_COLOR_NAME = AccentColor;
				CODE_SIGN_STYLE = Automatic;
				CURRENT_PROJECT_VERSION = 1;
				DEVELOPMENT_ASSET_PATHS = "\"KsyIOS/Preview Content\"";
				ENABLE_PREVIEWS = YES;
				GENERATE_INFOPLIST_FILE = YES;
				INFOPLIST_KEY_UIApplicationSceneManifest_Generation = YES;
				INFOPLIST_KEY_UIApplicationSupportsIndirectInputEvents = YES;
				INFOPLIST_KEY_UILaunchScreen_Generation = YES;
				INFOPLIST_KEY_UISupportedInterfaceOrientations_iPad = "UIInterfaceOrientationPortrait UIInterfaceOrientationPortraitUpsideDown UIInterfaceOrientationLandscapeLeft UIInterfaceOrientationLandscapeRight";
				INFOPLIST_KEY_UISupportedInterfaceOrientations_iPhone = "UIInterfaceOrientationPortrait UIInterfaceOrientationLandscapeLeft UIInterfaceOrientationLandscapeRight";
				LD_RUNPATH_SEARCH_PATHS = (
					"$(inherited)",
					"@executable_path/Frameworks",
				);
				MARKETING_VERSION = 1.0;
				PRODUCT_BUNDLE_IDENTIFIER = com.fortgame.KsyIOS;
				PRODUCT_NAME = "$(TARGET_NAME)";
				SWIFT_EMIT_LOC_STRINGS = YES;
				SWIFT_VERSION = 5.0;
				TARGETED_DEVICE_FAMILY = "1,2";
			};
			name = Debug;
		};
		CBE883FD2EFDAE1800112955 /* Release */ = {
			isa = XCBuildConfiguration;
			buildSettings = {
				ASSETCATALOG_COMPILER_APPICON_NAME = AppIcon;
				ASSETCATALOG_COMPILER_GLOBAL_ACCENT_COLOR_NAME = AccentColor;
				CODE_SIGN_STYLE = Automatic;
				CURRENT_PROJECT_VERSION = 1;
				DEVELOPMENT_ASSET_PATHS = "\"KsyIOS/Preview Content\"";
				ENABLE_PREVIEWS = YES;
				GENERATE_INFOPLIST_FILE = YES;
				INFOPLIST_KEY_UIApplicationSceneManifest_Generation = YES;
				INFOPLIST_KEY_UIApplicationSupportsIndirectInputEvents = YES;
				INFOPLIST_KEY_UILaunchScreen_Generation = YES;
				INFOPLIST_KEY_UISupportedInterfaceOrientations_iPad = "UIInterfaceOrientationPortrait UIInterfaceOrientationPortraitUpsideDown UIInterfaceOrientationLandscapeLeft UIInterfaceOrientationLandscapeRight";
				INFOPLIST_KEY_UISupportedInterfaceOrientations_iPhone = "UIInterfaceOrientationPortrait UIInterfaceOrientationLandscapeLeft UIInterfaceOrientationLandscapeRight";
				LD_RUNPATH_SEARCH_PATHS = (
					"$(inherited)",
					"@executable_path/Frameworks",
				);
				MARKETING_VERSION = 1.0;
				PRODUCT_BUNDLE_IDENTIFIER = com.fortgame.KsyIOS;
				PRODUCT_NAME = "$(TARGET_NAME)";
				SWIFT_EMIT_LOC_STRINGS = YES;
				SWIFT_VERSION = 5.0;
				TARGETED_DEVICE_FAMILY = "1,2";
			};
			name = Release;
		};
		CBE883FF2EFDAE1800112955 /* Debug */ = {
			isa = XCBuildConfiguration;
			buildSettings = {
				ALWAYS_EMBED_SWIFT_STANDARD_LIBRARIES = YES;
				BUNDLE_LOADER = "$(TEST_HOST)";
				CODE_SIGN_STYLE = Automatic;
				CURRENT_PROJECT_VERSION = 1;
				GENERATE_INFOPLIST_FILE = YES;
				IPHONEOS_DEPLOYMENT_TARGET = 15.0;
				MARKETING_VERSION = 1.0;
				PRODUCT_BUNDLE_IDENTIFIER = com.fortgame.KsyIOSTests;
				PRODUCT_NAME = "$(TARGET_NAME)";
				SWIFT_EMIT_LOC_STRINGS = NO;
				SWIFT_VERSION = 5.0;
				TARGETED_DEVICE_FAMILY = "1,2";
				TEST_HOST = "$(BUILT_PRODUCTS_DIR)/KsyIOS.app/$(BUNDLE_EXECUTABLE_FOLDER_PATH)/KsyIOS";
			};
			name = Debug;
		};
		CBE884002EFDAE1800112955 /* Release */ = {
			isa = XCBuildConfiguration;
			buildSettings = {
				ALWAYS_EMBED_SWIFT_STANDARD_LIBRARIES = YES;
				BUNDLE_LOADER = "$(TEST_HOST)";
				CODE_SIGN_STYLE = Automatic;
				CURRENT_PROJECT_VERSION = 1;
				GENERATE_INFOPLIST_FILE = YES;
				IPHONEOS_DEPLOYMENT_TARGET = 15.0;
				MARKETING_VERSION = 1.0;
				PRODUCT_BUNDLE_IDENTIFIER = com.fortgame.KsyIOSTests;
				PRODUCT_NAME = "$(TARGET_NAME)";
				SWIFT_EMIT_LOC_STRINGS = NO;
				SWIFT_VERSION = 5.0;
				TARGETED_DEVICE_FAMILY = "1,2";
				TEST_HOST = "$(BUILT_PRODUCTS_DIR)/KsyIOS.app/$(BUNDLE_EXECUTABLE_FOLDER_PATH)/KsyIOS";
			};
			name = Release;
		};
		CBE884022EFDAE1800112955 /* Debug */ = {
			isa = XCBuildConfiguration;
			buildSettings = {
				ALWAYS_EMBED_SWIFT_STANDARD_LIBRARIES = YES;
				CODE_SIGN_STYLE = Automatic;
				CURRENT_PROJECT_VERSION = 1;
				GENERATE_INFOPLIST_FILE = YES;
				MARKETING_VERSION = 1.0;
				PRODUCT_BUNDLE_IDENTIFIER = com.fortgame.KsyIOSUITests;
				PRODUCT_NAME = "$(TARGET_NAME)";
				SWIFT_EMIT_LOC_STRINGS = NO;
				SWIFT_VERSION = 5.0;
				TARGETED_DEVICE_FAMILY = "1,2";
				TEST_TARGET_NAME = KsyIOS;
			};
			name = Debug;
		};
		CBE884032EFDAE1800112955 /* Release */ = {
			isa = XCBuildConfiguration;
			buildSettings = {
				ALWAYS_EMBED_SWIFT_STANDARD_LIBRARIES = YES;
				CODE_SIGN_STYLE = Automatic;
				CURRENT_PROJECT_VERSION = 1;
				GENERATE_INFOPLIST_FILE = YES;
				MARKETING_VERSION = 1.0;
				PRODUCT_BUNDLE_IDENTIFIER = com.fortgame.KsyIOSUITests;
				PRODUCT_NAME = "$(TARGET_NAME)";
				SWIFT_EMIT_LOC_STRINGS = NO;
				SWIFT_VERSION = 5.0;
				TARGETED_DEVICE_FAMILY = "1,2";
				TEST_TARGET_NAME = KsyIOS;
			};
			name = Release;
		};
/* End XCBuildConfiguration section */

/* Begin XCConfigurationList section */
		CBE883D22EFDAE1500112955 /* Build configuration list for PBXProject "KsyIOS" */ = {
			isa = XCConfigurationList;
			buildConfigurations = (
				CBE883F92EFDAE1800112955 /* Debug */,
				CBE883FA2EFDAE1800112955 /* Release */,
			);
			defaultConfigurationIsVisible = 0;
			defaultConfigurationName = Release;
		};
		CBE883FB2EFDAE1800112955 /* Build configuration list for PBXNativeTarget "KsyIOS" */ = {
			isa = XCConfigurationList;
			buildConfigurations = (
				CBE883FC2EFDAE1800112955 /* Debug */,
				CBE883FD2EFDAE1800112955 /* Release */,
			);
			defaultConfigurationIsVisible = 0;
			defaultConfigurationName = Release;
		};
		CBE883FE2EFDAE1800112955 /* Build configuration list for PBXNativeTarget "KsyIOSTests" */ = {
			isa = XCConfigurationList;
			buildConfigurations = (
				CBE883FF2EFDAE1800112955 /* Debug */,
				CBE884002EFDAE1800112955 /* Release */,
			);
			defaultConfigurationIsVisible = 0;
			defaultConfigurationName = Release;
		};
		CBE884012EFDAE1800112955 /* Build configuration list for PBXNativeTarget "KsyIOSUITests" */ = {
			isa = XCConfigurationList;
			buildConfigurations = (
				CBE884022EFDAE1800112955 /* Debug */,
				CBE884032EFDAE1800112955 /* Release */,
			);
			defaultConfigurationIsVisible = 0;
			defaultConfigurationName = Release;
		};
/* End XCConfigurationList section */
	};
	rootObject = CBE883CF2EFDAE1500112955 /* Project object */;
}
